{
  "requires": true,
  "lockfileVersion": 1,
  "dependencies": {
    "react-native-hr": {
      "version": "1.1.4",
      "resolved": "https://registry.npmjs.org/react-native-hr/-/react-native-hr-1.1.4.tgz",
      "integrity": "sha512-Gi+MJPW73/mXTFjLkFf0vbWTTltyKbYdnSUNn2H8yt9m7NKPzrJp4TlCm8TqIsRsAMCaa55BGv3Z+i/cD9O69g=="
    }
  }
}
